
Microsoft Visual Studio Solution File, Format Version 12.00
# Visual Studio 15
VisualStudioVersion = 15.0.26430.15
MinimumVisualStudioVersion = 10.0.40219.1
Project("{D954291E-2A0B-460D-934E-DC6B0785DB48}") = "AluraNutricao", "AluraNutricao\AluraNutricao\AluraNutricao.shproj", "{9923AB52-99F8-49BE-8D3F-34BA33180C43}"
EndProject
Project("{FAE04EC0-301F-11D3-BF4B-00C04F79EFBC}") = "AluraNutricao.Android", "AluraNutricao\AluraNutricao.Android\AluraNutricao.Android.csproj", "{1C79D4FB-1D44-45E5-A7BC-45315364D6BE}"
EndProject
Project("{FAE04EC0-301F-11D3-BF4B-00C04F79EFBC}") = "AluraNutricao.iOS", "AluraNutricao\AluraNutricao.iOS\AluraNutricao.iOS.csproj", "{DE363BB8-9608-4758-868D-A62C8400A2D3}"
EndProject
Project("{FAE04EC0-301F-11D3-BF4B-00C04F79EFBC}") = "AluraNutricao.UWP", "AluraNutricao\AluraNutricao.UWP\AluraNutricao.UWP.csproj", "{29A8F399-3312-4B47-B94F-F3D4CB7F5A42}"
EndProject
Global
	GlobalSection(SharedMSBuildProjectFiles) = preSolution
		AluraNutricao\AluraNutricao\AluraNutricao.projitems*{1c79d4fb-1d44-45e5-a7bc-45315364d6be}*SharedItemsImports = 4
		AluraNutricao\AluraNutricao\AluraNutricao.projitems*{29a8f399-3312-4b47-b94f-f3d4cb7f5a42}*SharedItemsImports = 4
		AluraNutricao\AluraNutricao\AluraNutricao.projitems*{9923ab52-99f8-49be-8d3f-34ba33180c43}*SharedItemsImports = 13
		AluraNutricao\AluraNutricao\AluraNutricao.projitems*{de363bb8-9608-4758-868d-a62c8400a2d3}*SharedItemsImports = 4
	EndGlobalSection
	GlobalSection(SolutionConfigurationPlatforms) = preSolution
		Ad-Hoc|Any CPU = Ad-Hoc|Any CPU
		Ad-Hoc|ARM = Ad-Hoc|ARM
		Ad-Hoc|iPhone = Ad-Hoc|iPhone
		Ad-Hoc|iPhoneSimulator = Ad-Hoc|iPhoneSimulator
		Ad-Hoc|x64 = Ad-Hoc|x64
		Ad-Hoc|x86 = Ad-Hoc|x86
		AppStore|Any CPU = AppStore|Any CPU
		AppStore|ARM = AppStore|ARM
		AppStore|iPhone = AppStore|iPhone
		AppStore|iPhoneSimulator = AppStore|iPhoneSimulator
		AppStore|x64 = AppStore|x64
		AppStore|x86 = AppStore|x86
		Debug|Any CPU = Debug|Any CPU
		Debug|ARM = Debug|ARM
		Debug|iPhone = Debug|iPhone
		Debug|iPhoneSimulator = Debug|iPhoneSimulator
		Debug|x64 = Debug|x64
		Debug|x86 = Debug|x86
		Release|Any CPU = Release|Any CPU
		Release|ARM = Release|ARM
		Release|iPhone = Release|iPhone
		Release|iPhoneSimulator = Release|iPhoneSimulator
		Release|x64 = Release|x64
		Release|x86 = Release|x86
	EndGlobalSection
	GlobalSection(ProjectConfigurationPlatforms) = postSolution
		{1C79D4FB-1D44-45E5-A7BC-45315364D6BE}.Ad-Hoc|Any CPU.ActiveCfg = Release|Any CPU
		{1C79D4FB-1D44-45E5-A7BC-45315364D6BE}.Ad-Hoc|Any CPU.Build.0 = Release|Any CPU
		{1C79D4FB-1D44-45E5-A7BC-45315364D6BE}.Ad-Hoc|Any CPU.Deploy.0 = Release|Any CPU
		{1C79D4FB-1D44-45E5-A7BC-45315364D6BE}.Ad-Hoc|ARM.ActiveCfg = Release|Any CPU
		{1C79D4FB-1D44-45E5-A7BC-45315364D6BE}.Ad-Hoc|ARM.Build.0 = Release|Any CPU
		{1C79D4FB-1D44-45E5-A7BC-45315364D6BE}.Ad-Hoc|ARM.Deploy.0 = Release|Any CPU
		{1C79D4FB-1D44-45E5-A7BC-45315364D6BE}.Ad-Hoc|iPhone.ActiveCfg = Release|Any CPU
		{1C79D4FB-1D44-45E5-A7BC-45315364D6BE}.Ad-Hoc|iPhone.Build.0 = Release|Any CPU
		{1C79D4FB-1D44-45E5-A7BC-45315364D6BE}.Ad-Hoc|iPhone.Deploy.0 = Release|Any CPU
		{1C79D4FB-1D44-45E5-A7BC-45315364D6BE}.Ad-Hoc|iPhoneSimulator.ActiveCfg = Release|Any CPU
		{1C79D4FB-1D44-45E5-A7BC-45315364D6BE}.Ad-Hoc|iPhoneSimulator.Build.0 = Release|Any CPU
		{1C79D4FB-1D44-45E5-A7BC-45315364D6BE}.Ad-Hoc|iPhoneSimulator.Deploy.0 = Release|Any CPU
		{1C79D4FB-1D44-45E5-A7BC-45315364D6BE}.Ad-Hoc|x64.ActiveCfg = Release|Any CPU
		{1C79D4FB-1D44-45E5-A7BC-45315364D6BE}.Ad-Hoc|x64.Build.0 = Release|Any CPU
		{1C79D4FB-1D44-45E5-A7BC-45315364D6BE}.Ad-Hoc|x64.Deploy.0 = Release|Any CPU
		{1C79D4FB-1D44-45E5-A7BC-45315364D6BE}.Ad-Hoc|x86.ActiveCfg = Release|Any CPU
		{1C79D4FB-1D44-45E5-A7BC-45315364D6BE}.Ad-Hoc|x86.Build.0 = Release|Any CPU
		{1C79D4FB-1D44-45E5-A7BC-45315364D6BE}.Ad-Hoc|x86.Deploy.0 = Release|Any CPU
		{1C79D4FB-1D44-45E5-A7BC-45315364D6BE}.AppStore|Any CPU.ActiveCfg = Release|Any CPU
		{1C79D4FB-1D44-45E5-A7BC-45315364D6BE}.AppStore|Any CPU.Build.0 = Release|Any CPU
		{1C79D4FB-1D44-45E5-A7BC-45315364D6BE}.AppStore|Any CPU.Deploy.0 = Release|Any CPU
		{1C79D4FB-1D44-45E5-A7BC-45315364D6BE}.AppStore|ARM.ActiveCfg = Release|Any CPU
		{1C79D4FB-1D44-45E5-A7BC-45315364D6BE}.AppStore|ARM.Build.0 = Release|Any CPU
		{1C79D4FB-1D44-45E5-A7BC-45315364D6BE}.AppStore|ARM.Deploy.0 = Release|Any CPU
		{1C79D4FB-1D44-45E5-A7BC-45315364D6BE}.AppStore|iPhone.ActiveCfg = Release|Any CPU
		{1C79D4FB-1D44-45E5-A7BC-45315364D6BE}.AppStore|iPhone.Build.0 = Release|Any CPU
		{1C79D4FB-1D44-45E5-A7BC-45315364D6BE}.AppStore|iPhone.Deploy.0 = Release|Any CPU
		{1C79D4FB-1D44-45E5-A7BC-45315364D6BE}.AppStore|iPhoneSimulator.ActiveCfg = Release|Any CPU
		{1C79D4FB-1D44-45E5-A7BC-45315364D6BE}.AppStore|iPhoneSimulator.Build.0 = Release|Any CPU
		{1C79D4FB-1D44-45E5-A7BC-45315364D6BE}.AppStore|iPhoneSimulator.Deploy.0 = Release|Any CPU
		{1C79D4FB-1D44-45E5-A7BC-45315364D6BE}.AppStore|x64.ActiveCfg = Release|Any CPU
		{1C79D4FB-1D44-45E5-A7BC-45315364D6BE}.AppStore|x64.Build.0 = Release|Any CPU
		{1C79D4FB-1D44-45E5-A7BC-45315364D6BE}.AppStore|x64.Deploy.0 = Release|Any CPU
		{1C79D4FB-1D44-45E5-A7BC-45315364D6BE}.AppStore|x86.ActiveCfg = Release|Any CPU
		{1C79D4FB-1D44-45E5-A7BC-45315364D6BE}.AppStore|x86.Build.0 = Release|Any CPU
		{1C79D4FB-1D44-45E5-A7BC-45315364D6BE}.AppStore|x86.Deploy.0 = Release|Any CPU
		{1C79D4FB-1D44-45E5-A7BC-45315364D6BE}.Debug|Any CPU.ActiveCfg = Debug|Any CPU
		{1C79D4FB-1D44-45E5-A7BC-45315364D6BE}.Debug|Any CPU.Build.0 = Debug|Any CPU
		{1C79D4FB-1D44-45E5-A7BC-45315364D6BE}.Debug|Any CPU.Deploy.0 = Debug|Any CPU
		{1C79D4FB-1D44-45E5-A7BC-45315364D6BE}.Debug|ARM.ActiveCfg = Debug|Any CPU
		{1C79D4FB-1D44-45E5-A7BC-45315364D6BE}.Debug|ARM.Build.0 = Debug|Any CPU
		{1C79D4FB-1D44-45E5-A7BC-45315364D6BE}.Debug|ARM.Deploy.0 = Debug|Any CPU
		{1C79D4FB-1D44-45E5-A7BC-45315364D6BE}.Debug|iPhone.ActiveCfg = Debug|Any CPU
		{1C79D4FB-1D44-45E5-A7BC-45315364D6BE}.Debug|iPhone.Build.0 = Debug|Any CPU
		{1C79D4FB-1D44-45E5-A7BC-45315364D6BE}.Debug|iPhone.Deploy.0 = Debug|Any CPU
		{1C79D4FB-1D44-45E5-A7BC-45315364D6BE}.Debug|iPhoneSimulator.ActiveCfg = Debug|Any CPU
		{1C79D4FB-1D44-45E5-A7BC-45315364D6BE}.Debug|iPhoneSimulator.Build.0 = Debug|Any CPU
		{1C79D4FB-1D44-45E5-A7BC-45315364D6BE}.Debug|iPhoneSimulator.Deploy.0 = Debug|Any CPU
		{1C79D4FB-1D44-45E5-A7BC-45315364D6BE}.Debug|x64.ActiveCfg = Debug|Any CPU
		{1C79D4FB-1D44-45E5-A7BC-45315364D6BE}.Debug|x64.Build.0 = Debug|Any CPU
		{1C79D4FB-1D44-45E5-A7BC-45315364D6BE}.Debug|x64.Deploy.0 = Debug|Any CPU
		{1C79D4FB-1D44-45E5-A7BC-45315364D6BE}.Debug|x86.ActiveCfg = Debug|Any CPU
		{1C79D4FB-1D44-45E5-A7BC-45315364D6BE}.Debug|x86.Build.0 = Debug|Any CPU
		{1C79D4FB-1D44-45E5-A7BC-45315364D6BE}.Debug|x86.Deploy.0 = Debug|Any CPU
		{1C79D4FB-1D44-45E5-A7BC-45315364D6BE}.Release|Any CPU.ActiveCfg = Release|Any CPU
		{1C79D4FB-1D44-45E5-A7BC-45315364D6BE}.Release|Any CPU.Build.0 = Release|Any CPU
		{1C79D4FB-1D44-45E5-A7BC-45315364D6BE}.Release|Any CPU.Deploy.0 = Release|Any CPU
		{1C79D4FB-1D44-45E5-A7BC-45315364D6BE}.Release|ARM.ActiveCfg = Release|Any CPU
		{1C79D4FB-1D44-45E5-A7BC-45315364D6BE}.Release|ARM.Build.0 = Release|Any CPU
		{1C79D4FB-1D44-45E5-A7BC-45315364D6BE}.Release|ARM.Deploy.0 = Release|Any CPU
		{1C79D4FB-1D44-45E5-A7BC-45315364D6BE}.Release|iPhone.ActiveCfg = Release|Any CPU
		{1C79D4FB-1D44-45E5-A7BC-45315364D6BE}.Release|iPhone.Build.0 = Release|Any CPU
		{1C79D4FB-1D44-45E5-A7BC-45315364D6BE}.Release|iPhone.Deploy.0 = Release|Any CPU
		{1C79D4FB-1D44-45E5-A7BC-45315364D6BE}.Release|iPhoneSimulator.ActiveCfg = Release|Any CPU
		{1C79D4FB-1D44-45E5-A7BC-45315364D6BE}.Release|iPhoneSimulator.Build.0 = Release|Any CPU
		{1C79D4FB-1D44-45E5-A7BC-45315364D6BE}.Release|iPhoneSimulator.Deploy.0 = Release|Any CPU
		{1C79D4FB-1D44-45E5-A7BC-45315364D6BE}.Release|x64.ActiveCfg = Release|Any CPU
		{1C79D4FB-1D44-45E5-A7BC-45315364D6BE}.Release|x64.Build.0 = Release|Any CPU
		{1C79D4FB-1D44-45E5-A7BC-45315364D6BE}.Release|x64.Deploy.0 = Release|Any CPU
		{1C79D4FB-1D44-45E5-A7BC-45315364D6BE}.Release|x86.ActiveCfg = Release|Any CPU
		{1C79D4FB-1D44-45E5-A7BC-45315364D6BE}.Release|x86.Build.0 = Release|Any CPU
		{1C79D4FB-1D44-45E5-A7BC-45315364D6BE}.Release|x86.Deploy.0 = Release|Any CPU
		{DE363BB8-9608-4758-868D-A62C8400A2D3}.Ad-Hoc|Any CPU.ActiveCfg = Ad-Hoc|iPhone
		{DE363BB8-9608-4758-868D-A62C8400A2D3}.Ad-Hoc|ARM.ActiveCfg = Ad-Hoc|iPhone
		{DE363BB8-9608-4758-868D-A62C8400A2D3}.Ad-Hoc|iPhone.ActiveCfg = Ad-Hoc|iPhone
		{DE363BB8-9608-4758-868D-A62C8400A2D3}.Ad-Hoc|iPhone.Build.0 = Ad-Hoc|iPhone
		{DE363BB8-9608-4758-868D-A62C8400A2D3}.Ad-Hoc|iPhoneSimulator.ActiveCfg = Ad-Hoc|iPhoneSimulator
		{DE363BB8-9608-4758-868D-A62C8400A2D3}.Ad-Hoc|iPhoneSimulator.Build.0 = Ad-Hoc|iPhoneSimulator
		{DE363BB8-9608-4758-868D-A62C8400A2D3}.Ad-Hoc|x64.ActiveCfg = Ad-Hoc|iPhone
		{DE363BB8-9608-4758-868D-A62C8400A2D3}.Ad-Hoc|x86.ActiveCfg = Ad-Hoc|iPhone
		{DE363BB8-9608-4758-868D-A62C8400A2D3}.AppStore|Any CPU.ActiveCfg = AppStore|iPhone
		{DE363BB8-9608-4758-868D-A62C8400A2D3}.AppStore|ARM.ActiveCfg = AppStore|iPhone
		{DE363BB8-9608-4758-868D-A62C8400A2D3}.AppStore|iPhone.ActiveCfg = AppStore|iPhone
		{DE363BB8-9608-4758-868D-A62C8400A2D3}.AppStore|iPhone.Build.0 = AppStore|iPhone
		{DE363BB8-9608-4758-868D-A62C8400A2D3}.AppStore|iPhoneSimulator.ActiveCfg = AppStore|iPhoneSimulator
		{DE363BB8-9608-4758-868D-A62C8400A2D3}.AppStore|iPhoneSimulator.Build.0 = AppStore|iPhoneSimulator
		{DE363BB8-9608-4758-868D-A62C8400A2D3}.AppStore|x64.ActiveCfg = AppStore|iPhone
		{DE363BB8-9608-4758-868D-A62C8400A2D3}.AppStore|x86.ActiveCfg = AppStore|iPhone
		{DE363BB8-9608-4758-868D-A62C8400A2D3}.Debug|Any CPU.ActiveCfg = Debug|iPhone
		{DE363BB8-9608-4758-868D-A62C8400A2D3}.Debug|ARM.ActiveCfg = Debug|iPhone
		{DE363BB8-9608-4758-868D-A62C8400A2D3}.Debug|iPhone.ActiveCfg = Debug|iPhone
		{DE363BB8-9608-4758-868D-A62C8400A2D3}.Debug|iPhone.Build.0 = Debug|iPhone
		{DE363BB8-9608-4758-868D-A62C8400A2D3}.Debug|iPhoneSimulator.ActiveCfg = Debug|iPhoneSimulator
		{DE363BB8-9608-4758-868D-A62C8400A2D3}.Debug|iPhoneSimulator.Build.0 = Debug|iPhoneSimulator
		{DE363BB8-9608-4758-868D-A62C8400A2D3}.Debug|x64.ActiveCfg = Debug|iPhone
		{DE363BB8-9608-4758-868D-A62C8400A2D3}.Debug|x86.ActiveCfg = Debug|iPhone
		{DE363BB8-9608-4758-868D-A62C8400A2D3}.Release|Any CPU.ActiveCfg = Release|iPhone
		{DE363BB8-9608-4758-868D-A62C8400A2D3}.Release|ARM.ActiveCfg = Release|iPhone
		{DE363BB8-9608-4758-868D-A62C8400A2D3}.Release|iPhone.ActiveCfg = Release|iPhone
		{DE363BB8-9608-4758-868D-A62C8400A2D3}.Release|iPhone.Build.0 = Release|iPhone
		{DE363BB8-9608-4758-868D-A62C8400A2D3}.Release|iPhoneSimulator.ActiveCfg = Release|iPhoneSimulator
		{DE363BB8-9608-4758-868D-A62C8400A2D3}.Release|iPhoneSimulator.Build.0 = Release|iPhoneSimulator
		{DE363BB8-9608-4758-868D-A62C8400A2D3}.Release|x64.ActiveCfg = Release|iPhone
		{DE363BB8-9608-4758-868D-A62C8400A2D3}.Release|x86.ActiveCfg = Release|iPhone
		{29A8F399-3312-4B47-B94F-F3D4CB7F5A42}.Ad-Hoc|Any CPU.ActiveCfg = Release|x86
		{29A8F399-3312-4B47-B94F-F3D4CB7F5A42}.Ad-Hoc|Any CPU.Build.0 = Release|x86
		{29A8F399-3312-4B47-B94F-F3D4CB7F5A42}.Ad-Hoc|Any CPU.Deploy.0 = Release|x86
		{29A8F399-3312-4B47-B94F-F3D4CB7F5A42}.Ad-Hoc|ARM.ActiveCfg = Release|ARM
		{29A8F399-3312-4B47-B94F-F3D4CB7F5A42}.Ad-Hoc|ARM.Build.0 = Release|ARM
		{29A8F399-3312-4B47-B94F-F3D4CB7F5A42}.Ad-Hoc|ARM.Deploy.0 = Release|ARM
		{29A8F399-3312-4B47-B94F-F3D4CB7F5A42}.Ad-Hoc|iPhone.ActiveCfg = Release|x86
		{29A8F399-3312-4B47-B94F-F3D4CB7F5A42}.Ad-Hoc|iPhone.Build.0 = Release|x86
		{29A8F399-3312-4B47-B94F-F3D4CB7F5A42}.Ad-Hoc|iPhone.Deploy.0 = Release|x86
		{29A8F399-3312-4B47-B94F-F3D4CB7F5A42}.Ad-Hoc|iPhoneSimulator.ActiveCfg = Release|x86
		{29A8F399-3312-4B47-B94F-F3D4CB7F5A42}.Ad-Hoc|iPhoneSimulator.Build.0 = Release|x86
		{29A8F399-3312-4B47-B94F-F3D4CB7F5A42}.Ad-Hoc|iPhoneSimulator.Deploy.0 = Release|x86
		{29A8F399-3312-4B47-B94F-F3D4CB7F5A42}.Ad-Hoc|x64.ActiveCfg = Release|x64
		{29A8F399-3312-4B47-B94F-F3D4CB7F5A42}.Ad-Hoc|x64.Build.0 = Release|x64
		{29A8F399-3312-4B47-B94F-F3D4CB7F5A42}.Ad-Hoc|x64.Deploy.0 = Release|x64
		{29A8F399-3312-4B47-B94F-F3D4CB7F5A42}.Ad-Hoc|x86.ActiveCfg = Release|x86
		{29A8F399-3312-4B47-B94F-F3D4CB7F5A42}.Ad-Hoc|x86.Build.0 = Release|x86
		{29A8F399-3312-4B47-B94F-F3D4CB7F5A42}.Ad-Hoc|x86.Deploy.0 = Release|x86
		{29A8F399-3312-4B47-B94F-F3D4CB7F5A42}.AppStore|Any CPU.ActiveCfg = Release|x86
		{29A8F399-3312-4B47-B94F-F3D4CB7F5A42}.AppStore|Any CPU.Build.0 = Release|x86
		{29A8F399-3312-4B47-B94F-F3D4CB7F5A42}.AppStore|Any CPU.Deploy.0 = Release|x86
		{29A8F399-3312-4B47-B94F-F3D4CB7F5A42}.AppStore|ARM.ActiveCfg = Release|ARM
		{29A8F399-3312-4B47-B94F-F3D4CB7F5A42}.AppStore|ARM.Build.0 = Release|ARM
		{29A8F399-3312-4B47-B94F-F3D4CB7F5A42}.AppStore|ARM.Deploy.0 = Release|ARM
		{29A8F399-3312-4B47-B94F-F3D4CB7F5A42}.AppStore|iPhone.ActiveCfg = Release|x86
		{29A8F399-3312-4B47-B94F-F3D4CB7F5A42}.AppStore|iPhone.Build.0 = Release|x86
		{29A8F399-3312-4B47-B94F-F3D4CB7F5A42}.AppStore|iPhone.Deploy.0 = Release|x86
		{29A8F399-3312-4B47-B94F-F3D4CB7F5A42}.AppStore|iPhoneSimulator.ActiveCfg = Release|x86
		{29A8F399-3312-4B47-B94F-F3D4CB7F5A42}.AppStore|iPhoneSimulator.Build.0 = Release|x86
		{29A8F399-3312-4B47-B94F-F3D4CB7F5A42}.AppStore|iPhoneSimulator.Deploy.0 = Release|x86
		{29A8F399-3312-4B47-B94F-F3D4CB7F5A42}.AppStore|x64.ActiveCfg = Release|x64
		{29A8F399-3312-4B47-B94F-F3D4CB7F5A42}.AppStore|x64.Build.0 = Release|x64
		{29A8F399-3312-4B47-B94F-F3D4CB7F5A42}.AppStore|x64.Deploy.0 = Release|x64
		{29A8F399-3312-4B47-B94F-F3D4CB7F5A42}.AppStore|x86.ActiveCfg = Release|x86
		{29A8F399-3312-4B47-B94F-F3D4CB7F5A42}.AppStore|x86.Build.0 = Release|x86
		{29A8F399-3312-4B47-B94F-F3D4CB7F5A42}.AppStore|x86.Deploy.0 = Release|x86
		{29A8F399-3312-4B47-B94F-F3D4CB7F5A42}.Debug|Any CPU.ActiveCfg = Debug|x86
		{29A8F399-3312-4B47-B94F-F3D4CB7F5A42}.Debug|ARM.ActiveCfg = Debug|ARM
		{29A8F399-3312-4B47-B94F-F3D4CB7F5A42}.Debug|ARM.Build.0 = Debug|ARM
		{29A8F399-3312-4B47-B94F-F3D4CB7F5A42}.Debug|ARM.Deploy.0 = Debug|ARM
		{29A8F399-3312-4B47-B94F-F3D4CB7F5A42}.Debug|iPhone.ActiveCfg = Debug|x86
		{29A8F399-3312-4B47-B94F-F3D4CB7F5A42}.Debug|iPhoneSimulator.ActiveCfg = Debug|x86
		{29A8F399-3312-4B47-B94F-F3D4CB7F5A42}.Debug|x64.ActiveCfg = Debug|x64
		{29A8F399-3312-4B47-B94F-F3D4CB7F5A42}.Debug|x64.Build.0 = Debug|x64
		{29A8F399-3312-4B47-B94F-F3D4CB7F5A42}.Debug|x64.Deploy.0 = Debug|x64
		{29A8F399-3312-4B47-B94F-F3D4CB7F5A42}.Debug|x86.ActiveCfg = Debug|x86
		{29A8F399-3312-4B47-B94F-F3D4CB7F5A42}.Debug|x86.Build.0 = Debug|x86
		{29A8F399-3312-4B47-B94F-F3D4CB7F5A42}.Debug|x86.Deploy.0 = Debug|x86
		{29A8F399-3312-4B47-B94F-F3D4CB7F5A42}.Release|Any CPU.ActiveCfg = Release|x86
		{29A8F399-3312-4B47-B94F-F3D4CB7F5A42}.Release|ARM.ActiveCfg = Release|ARM
		{29A8F399-3312-4B47-B94F-F3D4CB7F5A42}.Release|ARM.Build.0 = Release|ARM
		{29A8F399-3312-4B47-B94F-F3D4CB7F5A42}.Release|ARM.Deploy.0 = Release|ARM
		{29A8F399-3312-4B47-B94F-F3D4CB7F5A42}.Release|iPhone.ActiveCfg = Release|x86
		{29A8F399-3312-4B47-B94F-F3D4CB7F5A42}.Release|iPhoneSimulator.ActiveCfg = Release|x86
		{29A8F399-3312-4B47-B94F-F3D4CB7F5A42}.Release|x64.ActiveCfg = Release|x64
		{29A8F399-3312-4B47-B94F-F3D4CB7F5A42}.Release|x64.Build.0 = Release|x64
		{29A8F399-3312-4B47-B94F-F3D4CB7F5A42}.Release|x64.Deploy.0 = Release|x64
		{29A8F399-3312-4B47-B94F-F3D4CB7F5A42}.Release|x86.ActiveCfg = Release|x86
		{29A8F399-3312-4B47-B94F-F3D4CB7F5A42}.Release|x86.Build.0 = Release|x86
		{29A8F399-3312-4B47-B94F-F3D4CB7F5A42}.Release|x86.Deploy.0 = Release|x86
	EndGlobalSection
	GlobalSection(SolutionProperties) = preSolution
		HideSolutionNode = FALSE
	EndGlobalSection
EndGlobal
